
Microsoft Visual Studio Solution File, Format Version 12.00
# Visual Studio 15
VisualStudioVersion = 15.0.26403.7
MinimumVisualStudioVersion = 10.0.40219.1
Project("{2150E333-8FDC-42A3-9474-1A3956D46DE8}") = "1- Presentation", "1- Presentation", "{EDF06AEE-C8D4-4A67-BC80-33DCA2518959}"
EndProject
Project("{2150E333-8FDC-42A3-9474-1A3956D46DE8}") = "2- Application", "2- Application", "{A3B570F9-1102-4459-B6EC-E8C981B2AB6C}"
EndProject
Project("{2150E333-8FDC-42A3-9474-1A3956D46DE8}") = "3- Domain", "3- Domain", "{CA6B71F8-E46F-4E10-9B72-0A5F6D234534}"
EndProject
Project("{2150E333-8FDC-42A3-9474-1A3956D46DE8}") = "4- Infrastructure", "4- Infrastructure", "{81078877-3819-45C6-B871-01407D31CD23}"
EndProject
Project("{2150E333-8FDC-42A3-9474-1A3956D46DE8}") = "5- DataBase", "5- DataBase", "{E9B7EF5E-30DA-4F61-BA85-984232AB9297}"
EndProject
Project("{2150E333-8FDC-42A3-9474-1A3956D46DE8}") = "Tests", "Tests", "{824D9F29-F6D5-4D16-9047-E4162561B971}"
EndProject
Project("{FAE04EC0-301F-11D3-BF4B-00C04F79EFBC}") = "Prova3.Domain", "Prova3.Domain\Prova3.Domain.csproj", "{678D8DC0-AE84-4F8B-BB4D-0C01EB4F537F}"
EndProject
Project("{00D1A9C2-B5F0-4AF3-8072-F6C62B433612}") = "Prova3.Database", "Prova3.Database\Prova3.Database.sqlproj", "{B3A0291E-0993-4A2A-B0D3-B65EF6DC830B}"
EndProject
Project("{FAE04EC0-301F-11D3-BF4B-00C04F79EFBC}") = "Prova3.Domain.Tests", "Prova3.Domain.Tests\Prova3.Domain.Tests.csproj", "{91C89A43-AD10-415D-BC50-FA383E939D86}"
EndProject
Project("{FAE04EC0-301F-11D3-BF4B-00C04F79EFBC}") = "Prova3.Common.Tests", "Prova3.Common.Tests\Prova3.Common.Tests.csproj", "{6DB2586C-2890-4483-9AEE-87DE454EBC3F}"
EndProject
Project("{FAE04EC0-301F-11D3-BF4B-00C04F79EFBC}") = "Prova3.Application", "Prova3.Application\Prova3.Application.csproj", "{3EBCD073-0FD9-455B-8B26-DE1AA7C0B468}"
EndProject
Project("{FAE04EC0-301F-11D3-BF4B-00C04F79EFBC}") = "Prova3.ApplicationTests", "Prova3.ApplicationTests\Prova3.ApplicationTests.csproj", "{BDAD79D5-DD9A-48FA-A7A5-900EDC42F16A}"
EndProject
Project("{FAE04EC0-301F-11D3-BF4B-00C04F79EFBC}") = "Prova3.Infra.Data.Tests", "Prova3.Infra.Data.Tests\Prova3.Infra.Data.Tests.csproj", "{58C3E3B6-A582-4C0C-AA30-38B121DDCFD7}"
EndProject
Project("{FAE04EC0-301F-11D3-BF4B-00C04F79EFBC}") = "Prova3.Infra", "Prova3.Infra\Prova3.Infra.csproj", "{6FD87F6B-9726-4E36-87A2-F6067632C69C}"
EndProject
Project("{FAE04EC0-301F-11D3-BF4B-00C04F79EFBC}") = "Prova3.Infra.Data", "Prova3.Infra.Data\Prova3.Infra.Data.csproj", "{C71CA258-F347-4099-99E0-4AC6C89FCAED}"
EndProject
Project("{FAE04EC0-301F-11D3-BF4B-00C04F79EFBC}") = "Prova3.Integration.Tests", "Prova3.Integration.Tests\Prova3.Integration.Tests.csproj", "{8928AD26-68CD-4928-8549-C867E15939DE}"
EndProject
Global
	GlobalSection(SolutionConfigurationPlatforms) = preSolution
		Debug|Any CPU = Debug|Any CPU
		Release|Any CPU = Release|Any CPU
	EndGlobalSection
	GlobalSection(ProjectConfigurationPlatforms) = postSolution
		{678D8DC0-AE84-4F8B-BB4D-0C01EB4F537F}.Debug|Any CPU.ActiveCfg = Debug|Any CPU
		{678D8DC0-AE84-4F8B-BB4D-0C01EB4F537F}.Debug|Any CPU.Build.0 = Debug|Any CPU
		{678D8DC0-AE84-4F8B-BB4D-0C01EB4F537F}.Release|Any CPU.ActiveCfg = Release|Any CPU
		{678D8DC0-AE84-4F8B-BB4D-0C01EB4F537F}.Release|Any CPU.Build.0 = Release|Any CPU
		{B3A0291E-0993-4A2A-B0D3-B65EF6DC830B}.Debug|Any CPU.ActiveCfg = Debug|Any CPU
		{B3A0291E-0993-4A2A-B0D3-B65EF6DC830B}.Debug|Any CPU.Build.0 = Debug|Any CPU
		{B3A0291E-0993-4A2A-B0D3-B65EF6DC830B}.Debug|Any CPU.Deploy.0 = Debug|Any CPU
		{B3A0291E-0993-4A2A-B0D3-B65EF6DC830B}.Release|Any CPU.ActiveCfg = Release|Any CPU
		{B3A0291E-0993-4A2A-B0D3-B65EF6DC830B}.Release|Any CPU.Build.0 = Release|Any CPU
		{B3A0291E-0993-4A2A-B0D3-B65EF6DC830B}.Release|Any CPU.Deploy.0 = Release|Any CPU
		{91C89A43-AD10-415D-BC50-FA383E939D86}.Debug|Any CPU.ActiveCfg = Debug|Any CPU
		{91C89A43-AD10-415D-BC50-FA383E939D86}.Debug|Any CPU.Build.0 = Debug|Any CPU
		{91C89A43-AD10-415D-BC50-FA383E939D86}.Release|Any CPU.ActiveCfg = Release|Any CPU
		{91C89A43-AD10-415D-BC50-FA383E939D86}.Release|Any CPU.Build.0 = Release|Any CPU
		{6DB2586C-2890-4483-9AEE-87DE454EBC3F}.Debug|Any CPU.ActiveCfg = Debug|Any CPU
		{6DB2586C-2890-4483-9AEE-87DE454EBC3F}.Debug|Any CPU.Build.0 = Debug|Any CPU
		{6DB2586C-2890-4483-9AEE-87DE454EBC3F}.Release|Any CPU.ActiveCfg = Release|Any CPU
		{6DB2586C-2890-4483-9AEE-87DE454EBC3F}.Release|Any CPU.Build.0 = Release|Any CPU
		{3EBCD073-0FD9-455B-8B26-DE1AA7C0B468}.Debug|Any CPU.ActiveCfg = Debug|Any CPU
		{3EBCD073-0FD9-455B-8B26-DE1AA7C0B468}.Debug|Any CPU.Build.0 = Debug|Any CPU
		{3EBCD073-0FD9-455B-8B26-DE1AA7C0B468}.Release|Any CPU.ActiveCfg = Release|Any CPU
		{3EBCD073-0FD9-455B-8B26-DE1AA7C0B468}.Release|Any CPU.Build.0 = Release|Any CPU
		{BDAD79D5-DD9A-48FA-A7A5-900EDC42F16A}.Debug|Any CPU.ActiveCfg = Debug|Any CPU
		{BDAD79D5-DD9A-48FA-A7A5-900EDC42F16A}.Debug|Any CPU.Build.0 = Debug|Any CPU
		{BDAD79D5-DD9A-48FA-A7A5-900EDC42F16A}.Release|Any CPU.ActiveCfg = Release|Any CPU
		{BDAD79D5-DD9A-48FA-A7A5-900EDC42F16A}.Release|Any CPU.Build.0 = Release|Any CPU
		{58C3E3B6-A582-4C0C-AA30-38B121DDCFD7}.Debug|Any CPU.ActiveCfg = Debug|Any CPU
		{58C3E3B6-A582-4C0C-AA30-38B121DDCFD7}.Debug|Any CPU.Build.0 = Debug|Any CPU
		{58C3E3B6-A582-4C0C-AA30-38B121DDCFD7}.Release|Any CPU.ActiveCfg = Release|Any CPU
		{58C3E3B6-A582-4C0C-AA30-38B121DDCFD7}.Release|Any CPU.Build.0 = Release|Any CPU
		{6FD87F6B-9726-4E36-87A2-F6067632C69C}.Debug|Any CPU.ActiveCfg = Debug|Any CPU
		{6FD87F6B-9726-4E36-87A2-F6067632C69C}.Debug|Any CPU.Build.0 = Debug|Any CPU
		{6FD87F6B-9726-4E36-87A2-F6067632C69C}.Release|Any CPU.ActiveCfg = Release|Any CPU
		{6FD87F6B-9726-4E36-87A2-F6067632C69C}.Release|Any CPU.Build.0 = Release|Any CPU
		{C71CA258-F347-4099-99E0-4AC6C89FCAED}.Debug|Any CPU.ActiveCfg = Debug|Any CPU
		{C71CA258-F347-4099-99E0-4AC6C89FCAED}.Debug|Any CPU.Build.0 = Debug|Any CPU
		{C71CA258-F347-4099-99E0-4AC6C89FCAED}.Release|Any CPU.ActiveCfg = Release|Any CPU
		{C71CA258-F347-4099-99E0-4AC6C89FCAED}.Release|Any CPU.Build.0 = Release|Any CPU
		{8928AD26-68CD-4928-8549-C867E15939DE}.Debug|Any CPU.ActiveCfg = Debug|Any CPU
		{8928AD26-68CD-4928-8549-C867E15939DE}.Debug|Any CPU.Build.0 = Debug|Any CPU
		{8928AD26-68CD-4928-8549-C867E15939DE}.Release|Any CPU.ActiveCfg = Release|Any CPU
		{8928AD26-68CD-4928-8549-C867E15939DE}.Release|Any CPU.Build.0 = Release|Any CPU
	EndGlobalSection
	GlobalSection(SolutionProperties) = preSolution
		HideSolutionNode = FALSE
	EndGlobalSection
	GlobalSection(NestedProjects) = preSolution
		{678D8DC0-AE84-4F8B-BB4D-0C01EB4F537F} = {CA6B71F8-E46F-4E10-9B72-0A5F6D234534}
		{B3A0291E-0993-4A2A-B0D3-B65EF6DC830B} = {E9B7EF5E-30DA-4F61-BA85-984232AB9297}
		{91C89A43-AD10-415D-BC50-FA383E939D86} = {824D9F29-F6D5-4D16-9047-E4162561B971}
		{6DB2586C-2890-4483-9AEE-87DE454EBC3F} = {824D9F29-F6D5-4D16-9047-E4162561B971}
		{3EBCD073-0FD9-455B-8B26-DE1AA7C0B468} = {A3B570F9-1102-4459-B6EC-E8C981B2AB6C}
		{BDAD79D5-DD9A-48FA-A7A5-900EDC42F16A} = {824D9F29-F6D5-4D16-9047-E4162561B971}
		{58C3E3B6-A582-4C0C-AA30-38B121DDCFD7} = {824D9F29-F6D5-4D16-9047-E4162561B971}
		{6FD87F6B-9726-4E36-87A2-F6067632C69C} = {81078877-3819-45C6-B871-01407D31CD23}
		{C71CA258-F347-4099-99E0-4AC6C89FCAED} = {81078877-3819-45C6-B871-01407D31CD23}
		{8928AD26-68CD-4928-8549-C867E15939DE} = {824D9F29-F6D5-4D16-9047-E4162561B971}
	EndGlobalSection
	GlobalSection(ExtensibilityGlobals) = postSolution
		SolutionGuid = {276C62C7-748F-46F2-BCED-9A6CAEBD4E19}
	EndGlobalSection
EndGlobal
